
Microsoft Visual Studio Solution File, Format Version 12.00
# Visual Studio Version 17
VisualStudioVersion = 17.2.32602.215
MinimumVisualStudioVersion = 10.0.40219.1
Project("{9A19103F-16F7-4668-BE54-9A1E7A4F7556}") = "chat-contacts-api", "chat-contacts-api\chat-contacts-api.csproj", "{50AD17CC-9236-4AE1-AFA9-F76C7B6DEF37}"
EndProject
Project("{9A19103F-16F7-4668-BE54-9A1E7A4F7556}") = "Domain", "Domain\Domain.csproj", "{B9A93155-B26A-4F77-B7C1-E0B5E121EA06}"
EndProject
Project("{9A19103F-16F7-4668-BE54-9A1E7A4F7556}") = "Infra", "Infra\Infra.csproj", "{FC28F352-DEBB-4587-8DDB-A7A0588EF38C}"
EndProject
Project("{9A19103F-16F7-4668-BE54-9A1E7A4F7556}") = "chat-contacts-grpc", "chat-contacts-grpc\chat-contacts-grpc.csproj", "{4FB6CE83-5E23-4CDD-8A13-A491B41F84B3}"
EndProject
Global
	GlobalSection(SolutionConfigurationPlatforms) = preSolution
		Debug|Any CPU = Debug|Any CPU
		Release|Any CPU = Release|Any CPU
	EndGlobalSection
	GlobalSection(ProjectConfigurationPlatforms) = postSolution
		{50AD17CC-9236-4AE1-AFA9-F76C7B6DEF37}.Debug|Any CPU.ActiveCfg = Debug|Any CPU
		{50AD17CC-9236-4AE1-AFA9-F76C7B6DEF37}.Debug|Any CPU.Build.0 = Debug|Any CPU
		{50AD17CC-9236-4AE1-AFA9-F76C7B6DEF37}.Release|Any CPU.ActiveCfg = Release|Any CPU
		{50AD17CC-9236-4AE1-AFA9-F76C7B6DEF37}.Release|Any CPU.Build.0 = Release|Any CPU
		{B9A93155-B26A-4F77-B7C1-E0B5E121EA06}.Debug|Any CPU.ActiveCfg = Debug|Any CPU
		{B9A93155-B26A-4F77-B7C1-E0B5E121EA06}.Debug|Any CPU.Build.0 = Debug|Any CPU
		{B9A93155-B26A-4F77-B7C1-E0B5E121EA06}.Release|Any CPU.ActiveCfg = Release|Any CPU
		{B9A93155-B26A-4F77-B7C1-E0B5E121EA06}.Release|Any CPU.Build.0 = Release|Any CPU
		{FC28F352-DEBB-4587-8DDB-A7A0588EF38C}.Debug|Any CPU.ActiveCfg = Debug|Any CPU
		{FC28F352-DEBB-4587-8DDB-A7A0588EF38C}.Debug|Any CPU.Build.0 = Debug|Any CPU
		{FC28F352-DEBB-4587-8DDB-A7A0588EF38C}.Release|Any CPU.ActiveCfg = Release|Any CPU
		{FC28F352-DEBB-4587-8DDB-A7A0588EF38C}.Release|Any CPU.Build.0 = Release|Any CPU
		{4FB6CE83-5E23-4CDD-8A13-A491B41F84B3}.Debug|Any CPU.ActiveCfg = Debug|Any CPU
		{4FB6CE83-5E23-4CDD-8A13-A491B41F84B3}.Debug|Any CPU.Build.0 = Debug|Any CPU
		{4FB6CE83-5E23-4CDD-8A13-A491B41F84B3}.Release|Any CPU.ActiveCfg = Release|Any CPU
		{4FB6CE83-5E23-4CDD-8A13-A491B41F84B3}.Release|Any CPU.Build.0 = Release|Any CPU
	EndGlobalSection
	GlobalSection(SolutionProperties) = preSolution
		HideSolutionNode = FALSE
	EndGlobalSection
	GlobalSection(ExtensibilityGlobals) = postSolution
		SolutionGuid = {3296B124-64D0-402A-83D6-0883F99948A2}
	EndGlobalSection
EndGlobal
